{
  "requires": true,
  "lockfileVersion": 1,
  "dependencies": {
    "bootstrap": {
      "version": "5.1.3",
      "resolved": "https://registry.npmjs.org/bootstrap/-/bootstrap-5.1.3.tgz",
      "integrity": "sha512-fcQztozJ8jToQWXxVuEyXWW+dSo8AiXWKwiSSrKWsRB/Qt+Ewwza+JWoLKiTuQLaEPhdNAJ7+Dosc9DOIqNy7Q=="
    },
    "fontawesome-free": {
      "version": "1.0.1",
      "resolved": "https://registry.npmjs.org/fontawesome-free/-/fontawesome-free-1.0.1.tgz",
      "integrity": "sha512-pmjY7xTuHSx4FRSHb9KuKEdJKdpCiGiXFykNPkYdPh5bVHIsQc1d7+YeAl9abIG95SSz2JTq+6+lyhojeEEr1A=="
    },
    "typeface-quicksand": {
      "version": "1.1.13",
      "resolved": "https://registry.npmjs.org/typeface-quicksand/-/typeface-quicksand-1.1.13.tgz",
      "integrity": "sha512-sStzisPEpHfgPDE7EQvaDj9j5kxF56xeJgVc/8F2cchmI1IeuQ5ZE3ufTchSSpKbGRddgjgfWGUyjb7RqtJORA=="
    }
  }
}
